
Microsoft Visual Studio Solution File, Format Version 12.00
# Visual Studio for Mac
Project("{FAE04EC0-301F-11D3-BF4B-00C04F79EFBC}") = "Assembly-CSharp-firstpass", "Assembly-CSharp-firstpass.csproj", "{61426E11-6955-BCC8-A808-F2B61B843911}"
EndProject
Project("{FAE04EC0-301F-11D3-BF4B-00C04F79EFBC}") = "Assembly-CSharp", "Assembly-CSharp.csproj", "{8D516955-DF9C-8E51-F44B-C4A4AF919E6A}"
EndProject
Global
	GlobalSection(SolutionConfigurationPlatforms) = preSolution
		Debug|Any CPU = Debug|Any CPU
		Release|Any CPU = Release|Any CPU
	EndGlobalSection
	GlobalSection(ProjectConfigurationPlatforms) = postSolution
		{61426E11-6955-BCC8-A808-F2B61B843911}.Debug|Any CPU.ActiveCfg = Debug|Any CPU
		{61426E11-6955-BCC8-A808-F2B61B843911}.Debug|Any CPU.Build.0 = Debug|Any CPU
		{61426E11-6955-BCC8-A808-F2B61B843911}.Release|Any CPU.ActiveCfg = Release|Any CPU
		{61426E11-6955-BCC8-A808-F2B61B843911}.Release|Any CPU.Build.0 = Release|Any CPU
		{8D516955-DF9C-8E51-F44B-C4A4AF919E6A}.Debug|Any CPU.ActiveCfg = Debug|Any CPU
		{8D516955-DF9C-8E51-F44B-C4A4AF919E6A}.Debug|Any CPU.Build.0 = Debug|Any CPU
		{8D516955-DF9C-8E51-F44B-C4A4AF919E6A}.Release|Any CPU.ActiveCfg = Release|Any CPU
		{8D516955-DF9C-8E51-F44B-C4A4AF919E6A}.Release|Any CPU.Build.0 = Release|Any CPU
	EndGlobalSection
	GlobalSection(SolutionProperties) = preSolution
		HideSolutionNode = FALSE
	EndGlobalSection
EndGlobal
